
Microsoft Visual Studio Solution File, Format Version 12.00
# Visual Studio Version 16
VisualStudioVersion = 16.0.30717.126
MinimumVisualStudioVersion = 10.0.40219.1
Project("{FAE04EC0-301F-11D3-BF4B-00C04F79EFBC}") = "TwitchBot", "TwitchBot\TwitchBot.csproj", "{B50C2CC2-E96B-4C6C-ACEE-498469A53BA4}"
EndProject
Global
	GlobalSection(SolutionConfigurationPlatforms) = preSolution
		Debug|Any CPU = Debug|Any CPU
		Release|Any CPU = Release|Any CPU
	EndGlobalSection
	GlobalSection(ProjectConfigurationPlatforms) = postSolution
		{B50C2CC2-E96B-4C6C-ACEE-498469A53BA4}.Debug|Any CPU.ActiveCfg = Debug|Any CPU
		{B50C2CC2-E96B-4C6C-ACEE-498469A53BA4}.Debug|Any CPU.Build.0 = Debug|Any CPU
		{B50C2CC2-E96B-4C6C-ACEE-498469A53BA4}.Release|Any CPU.ActiveCfg = Release|Any CPU
		{B50C2CC2-E96B-4C6C-ACEE-498469A53BA4}.Release|Any CPU.Build.0 = Release|Any CPU
	EndGlobalSection
	GlobalSection(SolutionProperties) = preSolution
		HideSolutionNode = FALSE
	EndGlobalSection
	GlobalSection(ExtensibilityGlobals) = postSolution
		SolutionGuid = {171435FA-412E-41CF-9965-317AC68D2116}
	EndGlobalSection
EndGlobal
